
Microsoft Visual Studio Solution File, Format Version 12.00
# Visual Studio Version 16
VisualStudioVersion = 16.0.30011.22
MinimumVisualStudioVersion = 10.0.40219.1
Project("{FAE04EC0-301F-11D3-BF4B-00C04F79EFBC}") = "LootUI", "LootUI\LootUI.csproj", "{5660FE21-1973-4861-ADE9-B85E6ED77B78}"
EndProject
Project("{FAE04EC0-301F-11D3-BF4B-00C04F79EFBC}") = "AlbionProcessor", "AlbionProcessor\AlbionProcessor.csproj", "{1F2F66AF-844C-43D7-876F-C6398C9D150F}"
EndProject
Project("{FAE04EC0-301F-11D3-BF4B-00C04F79EFBC}") = "AlbionPacketHandler", "PacketHandler\AlbionPacketHandler.csproj", "{45106928-72F1-4A87-B00C-D752CB215CB1}"
EndProject
Project("{FAE04EC0-301F-11D3-BF4B-00C04F79EFBC}") = "PhotonPackageParser", "PhotonPackageParser\PhotonPackageParser.csproj", "{78ADAD95-7E81-4BAF-B7FA-5A53C7857A8B}"
EndProject
Project("{9A19103F-16F7-4668-BE54-9A1E7A4F7556}") = "Protocol16", "Protocol16\Protocol16.csproj", "{E86648D6-B24E-4801-9CF5-C2F1D5C20D48}"
EndProject
Global
	GlobalSection(SolutionConfigurationPlatforms) = preSolution
		Debug|Any CPU = Debug|Any CPU
		Debug|x86 = Debug|x86
		Release|Any CPU = Release|Any CPU
		Release|x86 = Release|x86
	EndGlobalSection
	GlobalSection(ProjectConfigurationPlatforms) = postSolution
		{5660FE21-1973-4861-ADE9-B85E6ED77B78}.Debug|Any CPU.ActiveCfg = Debug|Any CPU
		{5660FE21-1973-4861-ADE9-B85E6ED77B78}.Debug|Any CPU.Build.0 = Debug|Any CPU
		{5660FE21-1973-4861-ADE9-B85E6ED77B78}.Debug|x86.ActiveCfg = Debug|Any CPU
		{5660FE21-1973-4861-ADE9-B85E6ED77B78}.Debug|x86.Build.0 = Debug|Any CPU
		{5660FE21-1973-4861-ADE9-B85E6ED77B78}.Release|Any CPU.ActiveCfg = Release|Any CPU
		{5660FE21-1973-4861-ADE9-B85E6ED77B78}.Release|Any CPU.Build.0 = Release|Any CPU
		{5660FE21-1973-4861-ADE9-B85E6ED77B78}.Release|x86.ActiveCfg = Release|Any CPU
		{5660FE21-1973-4861-ADE9-B85E6ED77B78}.Release|x86.Build.0 = Release|Any CPU
		{1F2F66AF-844C-43D7-876F-C6398C9D150F}.Debug|Any CPU.ActiveCfg = Debug|Any CPU
		{1F2F66AF-844C-43D7-876F-C6398C9D150F}.Debug|Any CPU.Build.0 = Debug|Any CPU
		{1F2F66AF-844C-43D7-876F-C6398C9D150F}.Debug|x86.ActiveCfg = Debug|x86
		{1F2F66AF-844C-43D7-876F-C6398C9D150F}.Debug|x86.Build.0 = Debug|x86
		{1F2F66AF-844C-43D7-876F-C6398C9D150F}.Release|Any CPU.ActiveCfg = Release|Any CPU
		{1F2F66AF-844C-43D7-876F-C6398C9D150F}.Release|Any CPU.Build.0 = Release|Any CPU
		{1F2F66AF-844C-43D7-876F-C6398C9D150F}.Release|x86.ActiveCfg = Release|x86
		{1F2F66AF-844C-43D7-876F-C6398C9D150F}.Release|x86.Build.0 = Release|x86
		{45106928-72F1-4A87-B00C-D752CB215CB1}.Debug|Any CPU.ActiveCfg = Debug|Any CPU
		{45106928-72F1-4A87-B00C-D752CB215CB1}.Debug|Any CPU.Build.0 = Debug|Any CPU
		{45106928-72F1-4A87-B00C-D752CB215CB1}.Debug|x86.ActiveCfg = Debug|Any CPU
		{45106928-72F1-4A87-B00C-D752CB215CB1}.Debug|x86.Build.0 = Debug|Any CPU
		{45106928-72F1-4A87-B00C-D752CB215CB1}.Release|Any CPU.ActiveCfg = Release|Any CPU
		{45106928-72F1-4A87-B00C-D752CB215CB1}.Release|Any CPU.Build.0 = Release|Any CPU
		{45106928-72F1-4A87-B00C-D752CB215CB1}.Release|x86.ActiveCfg = Release|Any CPU
		{45106928-72F1-4A87-B00C-D752CB215CB1}.Release|x86.Build.0 = Release|Any CPU
		{78ADAD95-7E81-4BAF-B7FA-5A53C7857A8B}.Debug|Any CPU.ActiveCfg = Debug|Any CPU
		{78ADAD95-7E81-4BAF-B7FA-5A53C7857A8B}.Debug|Any CPU.Build.0 = Debug|Any CPU
		{78ADAD95-7E81-4BAF-B7FA-5A53C7857A8B}.Debug|x86.ActiveCfg = Debug|Any CPU
		{78ADAD95-7E81-4BAF-B7FA-5A53C7857A8B}.Debug|x86.Build.0 = Debug|Any CPU
		{78ADAD95-7E81-4BAF-B7FA-5A53C7857A8B}.Release|Any CPU.ActiveCfg = Release|Any CPU
		{78ADAD95-7E81-4BAF-B7FA-5A53C7857A8B}.Release|Any CPU.Build.0 = Release|Any CPU
		{78ADAD95-7E81-4BAF-B7FA-5A53C7857A8B}.Release|x86.ActiveCfg = Release|Any CPU
		{78ADAD95-7E81-4BAF-B7FA-5A53C7857A8B}.Release|x86.Build.0 = Release|Any CPU
		{E86648D6-B24E-4801-9CF5-C2F1D5C20D48}.Debug|Any CPU.ActiveCfg = Debug|Any CPU
		{E86648D6-B24E-4801-9CF5-C2F1D5C20D48}.Debug|Any CPU.Build.0 = Debug|Any CPU
		{E86648D6-B24E-4801-9CF5-C2F1D5C20D48}.Debug|x86.ActiveCfg = Debug|Any CPU
		{E86648D6-B24E-4801-9CF5-C2F1D5C20D48}.Debug|x86.Build.0 = Debug|Any CPU
		{E86648D6-B24E-4801-9CF5-C2F1D5C20D48}.Release|Any CPU.ActiveCfg = Release|Any CPU
		{E86648D6-B24E-4801-9CF5-C2F1D5C20D48}.Release|Any CPU.Build.0 = Release|Any CPU
		{E86648D6-B24E-4801-9CF5-C2F1D5C20D48}.Release|x86.ActiveCfg = Release|Any CPU
		{E86648D6-B24E-4801-9CF5-C2F1D5C20D48}.Release|x86.Build.0 = Release|Any CPU
	EndGlobalSection
	GlobalSection(SolutionProperties) = preSolution
		HideSolutionNode = FALSE
	EndGlobalSection
	GlobalSection(ExtensibilityGlobals) = postSolution
		SolutionGuid = {AA1BA02A-A6FC-4899-91FE-B0985D3EA3CA}
	EndGlobalSection
EndGlobal
